
Microsoft Visual Studio Solution File, Format Version 12.00
# Visual Studio Version 17
VisualStudioVersion = 17.3.32825.248
MinimumVisualStudioVersion = 10.0.40219.1
Project("{FAE04EC0-301F-11D3-BF4B-00C04F79EFBC}") = "RoomExampleStarovoytova", "RoomExampleStarovoytova\RoomExampleStarovoytova.csproj", "{D2B59D66-3636-494A-A470-96F65DF49756}"
EndProject
Global
	GlobalSection(SolutionConfigurationPlatforms) = preSolution
		Debug|Any CPU = Debug|Any CPU
		Release|Any CPU = Release|Any CPU
	EndGlobalSection
	GlobalSection(ProjectConfigurationPlatforms) = postSolution
		{D2B59D66-3636-494A-A470-96F65DF49756}.Debug|Any CPU.ActiveCfg = Debug|Any CPU
		{D2B59D66-3636-494A-A470-96F65DF49756}.Debug|Any CPU.Build.0 = Debug|Any CPU
		{D2B59D66-3636-494A-A470-96F65DF49756}.Release|Any CPU.ActiveCfg = Release|Any CPU
		{D2B59D66-3636-494A-A470-96F65DF49756}.Release|Any CPU.Build.0 = Release|Any CPU
	EndGlobalSection
	GlobalSection(SolutionProperties) = preSolution
		HideSolutionNode = FALSE
	EndGlobalSection
	GlobalSection(ExtensibilityGlobals) = postSolution
		SolutionGuid = {194CCACB-C1D3-4922-BD1A-2322CC47E7FA}
	EndGlobalSection
EndGlobal
